
Microsoft Visual Studio Solution File, Format Version 12.00
# Visual Studio 15
VisualStudioVersion = 15.0.27703.2042
MinimumVisualStudioVersion = 10.0.40219.1
Project("{FAE04EC0-301F-11D3-BF4B-00C04F79EFBC}") = "NotationCalc1", "NotationCalc1\NotationCalc1.csproj", "{87EC56C6-F263-4BD0-AF79-82AD892D3CF3}"
EndProject
Global
	GlobalSection(SolutionConfigurationPlatforms) = preSolution
		Debug|Any CPU = Debug|Any CPU
		Release|Any CPU = Release|Any CPU
	EndGlobalSection
	GlobalSection(ProjectConfigurationPlatforms) = postSolution
		{87EC56C6-F263-4BD0-AF79-82AD892D3CF3}.Debug|Any CPU.ActiveCfg = Debug|Any CPU
		{87EC56C6-F263-4BD0-AF79-82AD892D3CF3}.Debug|Any CPU.Build.0 = Debug|Any CPU
		{87EC56C6-F263-4BD0-AF79-82AD892D3CF3}.Release|Any CPU.ActiveCfg = Release|Any CPU
		{87EC56C6-F263-4BD0-AF79-82AD892D3CF3}.Release|Any CPU.Build.0 = Release|Any CPU
	EndGlobalSection
	GlobalSection(SolutionProperties) = preSolution
		HideSolutionNode = FALSE
	EndGlobalSection
	GlobalSection(ExtensibilityGlobals) = postSolution
		SolutionGuid = {557A89F4-E8C3-4C61-81F8-1A6050FD5659}
	EndGlobalSection
EndGlobal
